
Microsoft Visual Studio Solution File, Format Version 12.00
# Visual Studio 15
VisualStudioVersion = 15.0.27130.2027
MinimumVisualStudioVersion = 10.0.40219.1
Project("{2150E333-8FDC-42A3-9474-1A3956D46DE8}") = "01 - Presentation", "01 - Presentation", "{7BBAC565-2AFD-4C07-A85C-2269D4203236}"
EndProject
Project("{2150E333-8FDC-42A3-9474-1A3956D46DE8}") = "02 - Logic", "02 - Logic", "{C5BCB485-A8DF-45C8-8CEE-3DAD764060FC}"
EndProject
Project("{FAE04EC0-301F-11D3-BF4B-00C04F79EFBC}") = "Accessit.Exchange.DroitDeconnexion.Logic", "Accessit.Exchange.DroitDeconnexion.Logic\Accessit.Exchange.DroitDeconnexion.Logic.csproj", "{660D5238-D8D2-4D13-B603-6B431C173905}"
EndProject
Project("{2150E333-8FDC-42A3-9474-1A3956D46DE8}") = "03 - Business", "03 - Business", "{3A2A3169-DD74-4C5B-BAD4-46EB287CB13F}"
EndProject
Project("{FAE04EC0-301F-11D3-BF4B-00C04F79EFBC}") = "Accessit.Exchange.DroitDeconnexion.Business", "Accessit.Exchange.DroitDeconnexion.Business\Accessit.Exchange.DroitDeconnexion.Business.csproj", "{3BFA00AE-CFDD-46B5-8BF5-287CCFDFBB58}"
EndProject
Project("{FAE04EC0-301F-11D3-BF4B-00C04F79EFBC}") = "Accessit.Exchange.DroitDeconnexion.Presentation", "Accessit.Exchange.DroitDeconnexion.Presentation\Accessit.Exchange.DroitDeconnexion.Presentation.csproj", "{6FF982F3-5098-403C-B0AC-523353DA6930}"
EndProject
Global
	GlobalSection(SolutionConfigurationPlatforms) = preSolution
		Debug|Any CPU = Debug|Any CPU
		Release|Any CPU = Release|Any CPU
	EndGlobalSection
	GlobalSection(ProjectConfigurationPlatforms) = postSolution
		{660D5238-D8D2-4D13-B603-6B431C173905}.Debug|Any CPU.ActiveCfg = Debug|Any CPU
		{660D5238-D8D2-4D13-B603-6B431C173905}.Debug|Any CPU.Build.0 = Debug|Any CPU
		{660D5238-D8D2-4D13-B603-6B431C173905}.Release|Any CPU.ActiveCfg = Release|Any CPU
		{660D5238-D8D2-4D13-B603-6B431C173905}.Release|Any CPU.Build.0 = Release|Any CPU
		{3BFA00AE-CFDD-46B5-8BF5-287CCFDFBB58}.Debug|Any CPU.ActiveCfg = Debug|Any CPU
		{3BFA00AE-CFDD-46B5-8BF5-287CCFDFBB58}.Debug|Any CPU.Build.0 = Debug|Any CPU
		{3BFA00AE-CFDD-46B5-8BF5-287CCFDFBB58}.Release|Any CPU.ActiveCfg = Release|Any CPU
		{3BFA00AE-CFDD-46B5-8BF5-287CCFDFBB58}.Release|Any CPU.Build.0 = Release|Any CPU
		{6FF982F3-5098-403C-B0AC-523353DA6930}.Debug|Any CPU.ActiveCfg = Debug|Any CPU
		{6FF982F3-5098-403C-B0AC-523353DA6930}.Debug|Any CPU.Build.0 = Debug|Any CPU
		{6FF982F3-5098-403C-B0AC-523353DA6930}.Release|Any CPU.ActiveCfg = Release|Any CPU
		{6FF982F3-5098-403C-B0AC-523353DA6930}.Release|Any CPU.Build.0 = Release|Any CPU
	EndGlobalSection
	GlobalSection(SolutionProperties) = preSolution
		HideSolutionNode = FALSE
	EndGlobalSection
	GlobalSection(NestedProjects) = preSolution
		{660D5238-D8D2-4D13-B603-6B431C173905} = {C5BCB485-A8DF-45C8-8CEE-3DAD764060FC}
		{3BFA00AE-CFDD-46B5-8BF5-287CCFDFBB58} = {3A2A3169-DD74-4C5B-BAD4-46EB287CB13F}
		{6FF982F3-5098-403C-B0AC-523353DA6930} = {7BBAC565-2AFD-4C07-A85C-2269D4203236}
	EndGlobalSection
	GlobalSection(ExtensibilityGlobals) = postSolution
		SolutionGuid = {3C71B42A-DA99-49C3-9255-EF0E3F8F0F7C}
	EndGlobalSection
EndGlobal
